
Microsoft Visual Studio Solution File, Format Version 12.00
# Visual Studio Version 17
VisualStudioVersion = 17.13.35931.197 d17.13
MinimumVisualStudioVersion = 10.0.40219.1
Project("{FAE04EC0-301F-11D3-BF4B-00C04F79EFBC}") = "Proxy", "Proxy\Proxy.csproj", "{7BF0A798-B450-468C-A03E-DABEFAC424ED}"
EndProject
Project("{FAE04EC0-301F-11D3-BF4B-00C04F79EFBC}") = "Api", "Api\Api.csproj", "{39E2AA07-A2BF-48DD-9C39-132839B4FB1E}"
EndProject
Project("{2150E333-8FDC-42A3-9474-1A3956D46DE8}") = "Solution Items", "Solution Items", "{8EC462FD-D22E-90A8-E5CE-7E832BA40C5D}"
EndProject
Global
	GlobalSection(SolutionConfigurationPlatforms) = preSolution
		Debug|Any CPU = Debug|Any CPU
		Release|Any CPU = Release|Any CPU
	EndGlobalSection
	GlobalSection(ProjectConfigurationPlatforms) = postSolution
		{7BF0A798-B450-468C-A03E-DABEFAC424ED}.Debug|Any CPU.ActiveCfg = Debug|Any CPU
		{7BF0A798-B450-468C-A03E-DABEFAC424ED}.Debug|Any CPU.Build.0 = Debug|Any CPU
		{7BF0A798-B450-468C-A03E-DABEFAC424ED}.Release|Any CPU.ActiveCfg = Release|Any CPU
		{7BF0A798-B450-468C-A03E-DABEFAC424ED}.Release|Any CPU.Build.0 = Release|Any CPU
		{39E2AA07-A2BF-48DD-9C39-132839B4FB1E}.Debug|Any CPU.ActiveCfg = Debug|Any CPU
		{39E2AA07-A2BF-48DD-9C39-132839B4FB1E}.Debug|Any CPU.Build.0 = Debug|Any CPU
		{39E2AA07-A2BF-48DD-9C39-132839B4FB1E}.Release|Any CPU.ActiveCfg = Release|Any CPU
		{39E2AA07-A2BF-48DD-9C39-132839B4FB1E}.Release|Any CPU.Build.0 = Release|Any CPU
	EndGlobalSection
	GlobalSection(SolutionProperties) = preSolution
		HideSolutionNode = FALSE
	EndGlobalSection
	GlobalSection(ExtensibilityGlobals) = postSolution
		SolutionGuid = {F8519DE2-746F-49D0-9CC0-C62E40A7F19B}
	EndGlobalSection
EndGlobal
